
Microsoft Visual Studio Solution File, Format Version 12.00
# Visual Studio Version 17
VisualStudioVersion = 17.3.32929.385
MinimumVisualStudioVersion = 10.0.40219.1
Project("{2150E333-8FDC-42A3-9474-1A3956D46DE8}") = "Solution Items", "Solution Items", "{BAE223DF-B4E1-4D07-97D0-8494A61BCB19}"
	ProjectSection(SolutionItems) = preProject
		Directory.Build.props = Directory.Build.props
		PackageMetadataTemp.cs = PackageMetadataTemp.cs
		README.md = README.md
	EndProjectSection
EndProject
Project("{2150E333-8FDC-42A3-9474-1A3956D46DE8}") = "Packages", "Packages", "{AE3A583A-9CAE-4E98-87F5-B252F812D2E4}"
EndProject
Project("{9A19103F-16F7-4668-BE54-9A1E7A4F7556}") = "Eldora.App", "Eldora.App\Eldora.App.csproj", "{7B93DBE3-532A-4249-94EE-624DA7B9278A}"
EndProject
Project("{9A19103F-16F7-4668-BE54-9A1E7A4F7556}") = "Eldora.UI.Components", "Eldora.UI.Components\Eldora.UI.Components.csproj", "{F33FAEF5-470E-4B4E-B73C-C38B865833F9}"
EndProject
Project("{9A19103F-16F7-4668-BE54-9A1E7A4F7556}") = "Eldora.Extensions", "Eldora.Extensions\Eldora.Extensions.csproj", "{E6851737-DBEA-479C-94D0-261E82FDDEC3}"
EndProject
Project("{9A19103F-16F7-4668-BE54-9A1E7A4F7556}") = "Eldora.Temporary", "Eldora.Temporary\Eldora.Temporary.csproj", "{B49B13D9-737E-4114-8ED2-78F75B6D216B}"
EndProject
Project("{2150E333-8FDC-42A3-9474-1A3956D46DE8}") = "Core", "Core", "{5AEEB18C-5BAD-40FC-AFC0-AB26837DF15A}"
EndProject
Project("{9A19103F-16F7-4668-BE54-9A1E7A4F7556}") = "Eldora.InputBoxes", "Eldora.InputBoxes\Eldora.InputBoxes.csproj", "{D7241FC7-2F92-4AA2-A339-1BC9A27F36B7}"
EndProject
Project("{9A19103F-16F7-4668-BE54-9A1E7A4F7556}") = "Eldora.Packaging.API", "Eldora.Packaging.API\Eldora.Packaging.API.csproj", "{713D15F9-5042-4DD8-81EA-20FBCE9A162A}"
EndProject
Project("{FAE04EC0-301F-11D3-BF4B-00C04F79EFBC}") = "Eldora.Packages.Example", "Eldora.Packages.Example\Eldora.Packages.Example.csproj", "{AACCE34E-7011-4C9B-82D9-C4FC7A64AAD5}"
EndProject
Global
	GlobalSection(SolutionConfigurationPlatforms) = preSolution
		Debug|Any CPU = Debug|Any CPU
		Release|Any CPU = Release|Any CPU
	EndGlobalSection
	GlobalSection(ProjectConfigurationPlatforms) = postSolution
		{7B93DBE3-532A-4249-94EE-624DA7B9278A}.Debug|Any CPU.ActiveCfg = Debug|Any CPU
		{7B93DBE3-532A-4249-94EE-624DA7B9278A}.Debug|Any CPU.Build.0 = Debug|Any CPU
		{7B93DBE3-532A-4249-94EE-624DA7B9278A}.Release|Any CPU.ActiveCfg = Release|Any CPU
		{7B93DBE3-532A-4249-94EE-624DA7B9278A}.Release|Any CPU.Build.0 = Release|Any CPU
		{F33FAEF5-470E-4B4E-B73C-C38B865833F9}.Debug|Any CPU.ActiveCfg = Debug|Any CPU
		{F33FAEF5-470E-4B4E-B73C-C38B865833F9}.Debug|Any CPU.Build.0 = Debug|Any CPU
		{F33FAEF5-470E-4B4E-B73C-C38B865833F9}.Release|Any CPU.ActiveCfg = Release|Any CPU
		{F33FAEF5-470E-4B4E-B73C-C38B865833F9}.Release|Any CPU.Build.0 = Release|Any CPU
		{E6851737-DBEA-479C-94D0-261E82FDDEC3}.Debug|Any CPU.ActiveCfg = Debug|Any CPU
		{E6851737-DBEA-479C-94D0-261E82FDDEC3}.Debug|Any CPU.Build.0 = Debug|Any CPU
		{E6851737-DBEA-479C-94D0-261E82FDDEC3}.Release|Any CPU.ActiveCfg = Release|Any CPU
		{E6851737-DBEA-479C-94D0-261E82FDDEC3}.Release|Any CPU.Build.0 = Release|Any CPU
		{B49B13D9-737E-4114-8ED2-78F75B6D216B}.Debug|Any CPU.ActiveCfg = Debug|Any CPU
		{B49B13D9-737E-4114-8ED2-78F75B6D216B}.Debug|Any CPU.Build.0 = Debug|Any CPU
		{B49B13D9-737E-4114-8ED2-78F75B6D216B}.Release|Any CPU.ActiveCfg = Release|Any CPU
		{B49B13D9-737E-4114-8ED2-78F75B6D216B}.Release|Any CPU.Build.0 = Release|Any CPU
		{D7241FC7-2F92-4AA2-A339-1BC9A27F36B7}.Debug|Any CPU.ActiveCfg = Debug|Any CPU
		{D7241FC7-2F92-4AA2-A339-1BC9A27F36B7}.Debug|Any CPU.Build.0 = Debug|Any CPU
		{D7241FC7-2F92-4AA2-A339-1BC9A27F36B7}.Release|Any CPU.ActiveCfg = Release|Any CPU
		{D7241FC7-2F92-4AA2-A339-1BC9A27F36B7}.Release|Any CPU.Build.0 = Release|Any CPU
		{713D15F9-5042-4DD8-81EA-20FBCE9A162A}.Debug|Any CPU.ActiveCfg = Debug|Any CPU
		{713D15F9-5042-4DD8-81EA-20FBCE9A162A}.Debug|Any CPU.Build.0 = Debug|Any CPU
		{713D15F9-5042-4DD8-81EA-20FBCE9A162A}.Release|Any CPU.ActiveCfg = Release|Any CPU
		{713D15F9-5042-4DD8-81EA-20FBCE9A162A}.Release|Any CPU.Build.0 = Release|Any CPU
		{AACCE34E-7011-4C9B-82D9-C4FC7A64AAD5}.Debug|Any CPU.ActiveCfg = Debug|Any CPU
		{AACCE34E-7011-4C9B-82D9-C4FC7A64AAD5}.Debug|Any CPU.Build.0 = Debug|Any CPU
		{AACCE34E-7011-4C9B-82D9-C4FC7A64AAD5}.Release|Any CPU.ActiveCfg = Release|Any CPU
		{AACCE34E-7011-4C9B-82D9-C4FC7A64AAD5}.Release|Any CPU.Build.0 = Release|Any CPU
	EndGlobalSection
	GlobalSection(SolutionProperties) = preSolution
		HideSolutionNode = FALSE
	EndGlobalSection
	GlobalSection(NestedProjects) = preSolution
		{7B93DBE3-532A-4249-94EE-624DA7B9278A} = {5AEEB18C-5BAD-40FC-AFC0-AB26837DF15A}
		{F33FAEF5-470E-4B4E-B73C-C38B865833F9} = {5AEEB18C-5BAD-40FC-AFC0-AB26837DF15A}
		{E6851737-DBEA-479C-94D0-261E82FDDEC3} = {5AEEB18C-5BAD-40FC-AFC0-AB26837DF15A}
		{B49B13D9-737E-4114-8ED2-78F75B6D216B} = {5AEEB18C-5BAD-40FC-AFC0-AB26837DF15A}
		{D7241FC7-2F92-4AA2-A339-1BC9A27F36B7} = {5AEEB18C-5BAD-40FC-AFC0-AB26837DF15A}
		{713D15F9-5042-4DD8-81EA-20FBCE9A162A} = {5AEEB18C-5BAD-40FC-AFC0-AB26837DF15A}
		{AACCE34E-7011-4C9B-82D9-C4FC7A64AAD5} = {AE3A583A-9CAE-4E98-87F5-B252F812D2E4}
	EndGlobalSection
	GlobalSection(ExtensibilityGlobals) = postSolution
		SolutionGuid = {268B30B2-10C5-4271-A52F-A71ADC74FC68}
	EndGlobalSection
EndGlobal
