
Microsoft Visual Studio Solution File, Format Version 12.00
# Visual Studio Version 17
VisualStudioVersion = 17.3.32929.385
MinimumVisualStudioVersion = 10.0.40219.1
Project("{FAE04EC0-301F-11D3-BF4B-00C04F79EFBC}") = "Eldora.PluginApi", "Eldora.PluginApi\Eldora.PluginApi.csproj", "{D9453F57-C547-43E3-9DD6-FCF7FCB13A68}"
EndProject
Project("{FAE04EC0-301F-11D3-BF4B-00C04F79EFBC}") = "Eldora.App", "Eldora.App\Eldora.App.csproj", "{ADA0D548-AA6E-4FFE-855A-A3FA8297C0D4}"
	ProjectSection(ProjectDependencies) = postProject
		{E3356243-7BAC-4079-85CA-CA76F1AD8AB5} = {E3356243-7BAC-4079-85CA-CA76F1AD8AB5}
	EndProjectSection
EndProject
Project("{2150E333-8FDC-42A3-9474-1A3956D46DE8}") = "Solution Items", "Solution Items", "{BAE223DF-B4E1-4D07-97D0-8494A61BCB19}"
	ProjectSection(SolutionItems) = preProject
		Directory.Build.props = Directory.Build.props
		README.md = README.md
	EndProjectSection
EndProject
Project("{2150E333-8FDC-42A3-9474-1A3956D46DE8}") = "Plugins", "Plugins", "{AE3A583A-9CAE-4E98-87F5-B252F812D2E4}"
EndProject
Project("{FAE04EC0-301F-11D3-BF4B-00C04F79EFBC}") = "Eldora.Utils", "Eldora.Utils\Eldora.Utils.csproj", "{1ACF0734-B94C-4368-BADB-D1395A1FED00}"
EndProject
Project("{FAE04EC0-301F-11D3-BF4B-00C04F79EFBC}") = "Eldora.PluginPacker", "Eldora.PluginPacker\Eldora.PluginPacker.csproj", "{FE37B19D-A02D-4313-B2EB-38CF87821BC8}"
EndProject
Project("{FAE04EC0-301F-11D3-BF4B-00C04F79EFBC}") = "Eldora.WinUtils", "Eldora.WinUtils\Eldora.WinUtils.csproj", "{E4C167B5-E84B-4BFB-9FBB-D60837366305}"
EndProject
Project("{FAE04EC0-301F-11D3-BF4B-00C04F79EFBC}") = "Eldora.Components", "Eldora.Components\Eldora.Components.csproj", "{13F36114-5568-40DA-B9F7-1E8A62DC10C9}"
EndProject
Project("{2150E333-8FDC-42A3-9474-1A3956D46DE8}") = "D&D", "D&D", "{698AAF5D-D7A6-4C2A-BE48-027F8BF7002F}"
EndProject
Project("{FAE04EC0-301F-11D3-BF4B-00C04F79EFBC}") = "Plugins.DnD.TokenEditor", "Plugins\Plugins.DnD.TokenEditor\Plugins.DnD.TokenEditor.csproj", "{15C7883A-1699-4795-9AE8-57B66223AB47}"
EndProject
Project("{FAE04EC0-301F-11D3-BF4B-00C04F79EFBC}") = "Plugins.DnD.Tools", "Plugins\Plugins.DnD.Tools\Plugins.DnD.Tools.csproj", "{CAFBBBAB-C0FF-4654-B61A-21D130D977E8}"
EndProject
Project("{FAE04EC0-301F-11D3-BF4B-00C04F79EFBC}") = "Plugins.DnD.TranslationViewer", "Plugins\Plugins.DnD.TranslationViewer\Plugins.DnD.TranslationViewer.csproj", "{AA7C7631-42CD-4E53-9D57-CB10BF39F10A}"
EndProject
Project("{FAE04EC0-301F-11D3-BF4B-00C04F79EFBC}") = "Plugins.DnD.Types", "Plugins\Plugins.DnD.Types\Plugins.DnD.Types.csproj", "{E2B84BE3-9496-4408-80C7-E45FB7C23DD7}"
EndProject
Project("{FAE04EC0-301F-11D3-BF4B-00C04F79EFBC}") = "Plugin.TranslationViewer.Backend", "Plugins\Plugins.DnD.TranslationViewer.Backend\Plugin.TranslationViewer.Backend\Plugin.TranslationViewer.Backend.csproj", "{6A208AAF-0735-488C-8E7C-40E48828D548}"
EndProject
Project("{FAE04EC0-301F-11D3-BF4B-00C04F79EFBC}") = "Plugin.TranslationViewer.Backend.Data", "Plugins\Plugins.DnD.TranslationViewer.Backend\Plugin.TranslationViewer.Backend.Data\Plugin.TranslationViewer.Backend.Data.csproj", "{E8C9B58B-F8DE-4433-993A-9EB210DDF0AB}"
EndProject
Global
	GlobalSection(SolutionConfigurationPlatforms) = preSolution
		Debug|Any CPU = Debug|Any CPU
		Release|Any CPU = Release|Any CPU
	EndGlobalSection
	GlobalSection(ProjectConfigurationPlatforms) = postSolution
		{D9453F57-C547-43E3-9DD6-FCF7FCB13A68}.Debug|Any CPU.ActiveCfg = Debug|Any CPU
		{D9453F57-C547-43E3-9DD6-FCF7FCB13A68}.Debug|Any CPU.Build.0 = Debug|Any CPU
		{D9453F57-C547-43E3-9DD6-FCF7FCB13A68}.Release|Any CPU.ActiveCfg = Release|Any CPU
		{D9453F57-C547-43E3-9DD6-FCF7FCB13A68}.Release|Any CPU.Build.0 = Release|Any CPU
		{ADA0D548-AA6E-4FFE-855A-A3FA8297C0D4}.Debug|Any CPU.ActiveCfg = Debug|Any CPU
		{ADA0D548-AA6E-4FFE-855A-A3FA8297C0D4}.Debug|Any CPU.Build.0 = Debug|Any CPU
		{ADA0D548-AA6E-4FFE-855A-A3FA8297C0D4}.Release|Any CPU.ActiveCfg = Release|Any CPU
		{ADA0D548-AA6E-4FFE-855A-A3FA8297C0D4}.Release|Any CPU.Build.0 = Release|Any CPU
		{1ACF0734-B94C-4368-BADB-D1395A1FED00}.Debug|Any CPU.ActiveCfg = Debug|Any CPU
		{1ACF0734-B94C-4368-BADB-D1395A1FED00}.Debug|Any CPU.Build.0 = Debug|Any CPU
		{1ACF0734-B94C-4368-BADB-D1395A1FED00}.Release|Any CPU.ActiveCfg = Release|Any CPU
		{1ACF0734-B94C-4368-BADB-D1395A1FED00}.Release|Any CPU.Build.0 = Release|Any CPU
		{FE37B19D-A02D-4313-B2EB-38CF87821BC8}.Debug|Any CPU.ActiveCfg = Debug|Any CPU
		{FE37B19D-A02D-4313-B2EB-38CF87821BC8}.Debug|Any CPU.Build.0 = Debug|Any CPU
		{FE37B19D-A02D-4313-B2EB-38CF87821BC8}.Release|Any CPU.ActiveCfg = Release|Any CPU
		{FE37B19D-A02D-4313-B2EB-38CF87821BC8}.Release|Any CPU.Build.0 = Release|Any CPU
		{E4C167B5-E84B-4BFB-9FBB-D60837366305}.Debug|Any CPU.ActiveCfg = Debug|Any CPU
		{E4C167B5-E84B-4BFB-9FBB-D60837366305}.Debug|Any CPU.Build.0 = Debug|Any CPU
		{E4C167B5-E84B-4BFB-9FBB-D60837366305}.Release|Any CPU.ActiveCfg = Release|Any CPU
		{E4C167B5-E84B-4BFB-9FBB-D60837366305}.Release|Any CPU.Build.0 = Release|Any CPU
		{13F36114-5568-40DA-B9F7-1E8A62DC10C9}.Debug|Any CPU.ActiveCfg = Debug|Any CPU
		{13F36114-5568-40DA-B9F7-1E8A62DC10C9}.Debug|Any CPU.Build.0 = Debug|Any CPU
		{13F36114-5568-40DA-B9F7-1E8A62DC10C9}.Release|Any CPU.ActiveCfg = Release|Any CPU
		{13F36114-5568-40DA-B9F7-1E8A62DC10C9}.Release|Any CPU.Build.0 = Release|Any CPU
		{15C7883A-1699-4795-9AE8-57B66223AB47}.Debug|Any CPU.ActiveCfg = Debug|Any CPU
		{15C7883A-1699-4795-9AE8-57B66223AB47}.Debug|Any CPU.Build.0 = Debug|Any CPU
		{15C7883A-1699-4795-9AE8-57B66223AB47}.Release|Any CPU.ActiveCfg = Release|Any CPU
		{15C7883A-1699-4795-9AE8-57B66223AB47}.Release|Any CPU.Build.0 = Release|Any CPU
		{CAFBBBAB-C0FF-4654-B61A-21D130D977E8}.Debug|Any CPU.ActiveCfg = Debug|Any CPU
		{CAFBBBAB-C0FF-4654-B61A-21D130D977E8}.Debug|Any CPU.Build.0 = Debug|Any CPU
		{CAFBBBAB-C0FF-4654-B61A-21D130D977E8}.Release|Any CPU.ActiveCfg = Release|Any CPU
		{CAFBBBAB-C0FF-4654-B61A-21D130D977E8}.Release|Any CPU.Build.0 = Release|Any CPU
		{AA7C7631-42CD-4E53-9D57-CB10BF39F10A}.Debug|Any CPU.ActiveCfg = Debug|Any CPU
		{AA7C7631-42CD-4E53-9D57-CB10BF39F10A}.Debug|Any CPU.Build.0 = Debug|Any CPU
		{AA7C7631-42CD-4E53-9D57-CB10BF39F10A}.Release|Any CPU.ActiveCfg = Release|Any CPU
		{AA7C7631-42CD-4E53-9D57-CB10BF39F10A}.Release|Any CPU.Build.0 = Release|Any CPU
		{E2B84BE3-9496-4408-80C7-E45FB7C23DD7}.Debug|Any CPU.ActiveCfg = Debug|Any CPU
		{E2B84BE3-9496-4408-80C7-E45FB7C23DD7}.Debug|Any CPU.Build.0 = Debug|Any CPU
		{E2B84BE3-9496-4408-80C7-E45FB7C23DD7}.Release|Any CPU.ActiveCfg = Release|Any CPU
		{E2B84BE3-9496-4408-80C7-E45FB7C23DD7}.Release|Any CPU.Build.0 = Release|Any CPU
		{6A208AAF-0735-488C-8E7C-40E48828D548}.Debug|Any CPU.ActiveCfg = Debug|Any CPU
		{6A208AAF-0735-488C-8E7C-40E48828D548}.Debug|Any CPU.Build.0 = Debug|Any CPU
		{6A208AAF-0735-488C-8E7C-40E48828D548}.Release|Any CPU.ActiveCfg = Release|Any CPU
		{6A208AAF-0735-488C-8E7C-40E48828D548}.Release|Any CPU.Build.0 = Release|Any CPU
		{E8C9B58B-F8DE-4433-993A-9EB210DDF0AB}.Debug|Any CPU.ActiveCfg = Debug|Any CPU
		{E8C9B58B-F8DE-4433-993A-9EB210DDF0AB}.Debug|Any CPU.Build.0 = Debug|Any CPU
		{E8C9B58B-F8DE-4433-993A-9EB210DDF0AB}.Release|Any CPU.ActiveCfg = Release|Any CPU
		{E8C9B58B-F8DE-4433-993A-9EB210DDF0AB}.Release|Any CPU.Build.0 = Release|Any CPU
	EndGlobalSection
	GlobalSection(SolutionProperties) = preSolution
		HideSolutionNode = FALSE
	EndGlobalSection
	GlobalSection(NestedProjects) = preSolution
		{698AAF5D-D7A6-4C2A-BE48-027F8BF7002F} = {AE3A583A-9CAE-4E98-87F5-B252F812D2E4}
		{15C7883A-1699-4795-9AE8-57B66223AB47} = {698AAF5D-D7A6-4C2A-BE48-027F8BF7002F}
		{CAFBBBAB-C0FF-4654-B61A-21D130D977E8} = {698AAF5D-D7A6-4C2A-BE48-027F8BF7002F}
		{AA7C7631-42CD-4E53-9D57-CB10BF39F10A} = {698AAF5D-D7A6-4C2A-BE48-027F8BF7002F}
		{E2B84BE3-9496-4408-80C7-E45FB7C23DD7} = {698AAF5D-D7A6-4C2A-BE48-027F8BF7002F}
		{6A208AAF-0735-488C-8E7C-40E48828D548} = {698AAF5D-D7A6-4C2A-BE48-027F8BF7002F}
		{E8C9B58B-F8DE-4433-993A-9EB210DDF0AB} = {698AAF5D-D7A6-4C2A-BE48-027F8BF7002F}
	EndGlobalSection
	GlobalSection(ExtensibilityGlobals) = postSolution
		SolutionGuid = {268B30B2-10C5-4271-A52F-A71ADC74FC68}
	EndGlobalSection
EndGlobal
